
Microsoft Visual Studio Solution File, Format Version 12.00
Project("{FAE04EC0-301F-11D3-BF4B-00C04F79EFBC}") = "Data", "Data\Data.csproj", "{B1012ACB-8371-4FA5-9A15-01EC8CBA48D0}"
EndProject
Project("{FAE04EC0-301F-11D3-BF4B-00C04F79EFBC}") = "Business", "Business\Business.csproj", "{BB629900-559C-4595-802B-64ADBAE61DA5}"
EndProject
Project("{FAE04EC0-301F-11D3-BF4B-00C04F79EFBC}") = "WebApi", "WebApi\WebApi.csproj", "{D0FF7BE7-4ADE-4CFF-ADAE-6573567876C3}"
EndProject
Project("{FAE04EC0-301F-11D3-BF4B-00C04F79EFBC}") = "Business.Tests", "Business.Tests\Business.Tests.csproj", "{6199102F-351C-40D4-AA45-FF5670B148E7}"
EndProject
Global
	GlobalSection(SolutionConfigurationPlatforms) = preSolution
		Debug|Any CPU = Debug|Any CPU
		Release|Any CPU = Release|Any CPU
	EndGlobalSection
	GlobalSection(ProjectConfigurationPlatforms) = postSolution
		{B1012ACB-8371-4FA5-9A15-01EC8CBA48D0}.Debug|Any CPU.ActiveCfg = Debug|Any CPU
		{B1012ACB-8371-4FA5-9A15-01EC8CBA48D0}.Debug|Any CPU.Build.0 = Debug|Any CPU
		{B1012ACB-8371-4FA5-9A15-01EC8CBA48D0}.Release|Any CPU.ActiveCfg = Release|Any CPU
		{B1012ACB-8371-4FA5-9A15-01EC8CBA48D0}.Release|Any CPU.Build.0 = Release|Any CPU
		{BB629900-559C-4595-802B-64ADBAE61DA5}.Debug|Any CPU.ActiveCfg = Debug|Any CPU
		{BB629900-559C-4595-802B-64ADBAE61DA5}.Debug|Any CPU.Build.0 = Debug|Any CPU
		{BB629900-559C-4595-802B-64ADBAE61DA5}.Release|Any CPU.ActiveCfg = Release|Any CPU
		{BB629900-559C-4595-802B-64ADBAE61DA5}.Release|Any CPU.Build.0 = Release|Any CPU
		{D0FF7BE7-4ADE-4CFF-ADAE-6573567876C3}.Debug|Any CPU.ActiveCfg = Debug|Any CPU
		{D0FF7BE7-4ADE-4CFF-ADAE-6573567876C3}.Debug|Any CPU.Build.0 = Debug|Any CPU
		{D0FF7BE7-4ADE-4CFF-ADAE-6573567876C3}.Release|Any CPU.ActiveCfg = Release|Any CPU
		{D0FF7BE7-4ADE-4CFF-ADAE-6573567876C3}.Release|Any CPU.Build.0 = Release|Any CPU
		{6199102F-351C-40D4-AA45-FF5670B148E7}.Debug|Any CPU.ActiveCfg = Debug|Any CPU
		{6199102F-351C-40D4-AA45-FF5670B148E7}.Debug|Any CPU.Build.0 = Debug|Any CPU
		{6199102F-351C-40D4-AA45-FF5670B148E7}.Release|Any CPU.ActiveCfg = Release|Any CPU
		{6199102F-351C-40D4-AA45-FF5670B148E7}.Release|Any CPU.Build.0 = Release|Any CPU
	EndGlobalSection
EndGlobal
